
Microsoft Visual Studio Solution File, Format Version 12.00
# Visual Studio 15
VisualStudioVersion = 15.0.27130.2024
MinimumVisualStudioVersion = 10.0.40219.1
Project("{FAE04EC0-301F-11D3-BF4B-00C04F79EFBC}") = "Roslyn", "Roslyn\Roslyn.csproj", "{1E194FD2-8574-457B-9B74-98A58BF1BE31}"
EndProject
Global
	GlobalSection(SolutionConfigurationPlatforms) = preSolution
		Debug|Any CPU = Debug|Any CPU
		Release|Any CPU = Release|Any CPU
	EndGlobalSection
	GlobalSection(ProjectConfigurationPlatforms) = postSolution
		{1E194FD2-8574-457B-9B74-98A58BF1BE31}.Debug|Any CPU.ActiveCfg = Debug|Any CPU
		{1E194FD2-8574-457B-9B74-98A58BF1BE31}.Debug|Any CPU.Build.0 = Debug|Any CPU
		{1E194FD2-8574-457B-9B74-98A58BF1BE31}.Release|Any CPU.ActiveCfg = Release|Any CPU
		{1E194FD2-8574-457B-9B74-98A58BF1BE31}.Release|Any CPU.Build.0 = Release|Any CPU
	EndGlobalSection
	GlobalSection(SolutionProperties) = preSolution
		HideSolutionNode = FALSE
	EndGlobalSection
	GlobalSection(ExtensibilityGlobals) = postSolution
		SolutionGuid = {BB3A464C-9737-4E8C-B3DC-C86246DEE0A2}
	EndGlobalSection
EndGlobal
